
Microsoft Visual Studio Solution File, Format Version 12.00
# Visual Studio Version 16
VisualStudioVersion = 16.0.29613.14
MinimumVisualStudioVersion = 10.0.40219.1
Project("{FAE04EC0-301F-11D3-BF4B-00C04F79EFBC}") = "FunctionApp3", "FunctionApp3.csproj", "{196EB99E-CE66-46A6-8BDF-A3E195603199}"
EndProject
Global
	GlobalSection(SolutionConfigurationPlatforms) = preSolution
		Debug|Any CPU = Debug|Any CPU
		Release|Any CPU = Release|Any CPU
	EndGlobalSection
	GlobalSection(ProjectConfigurationPlatforms) = postSolution
		{196EB99E-CE66-46A6-8BDF-A3E195603199}.Debug|Any CPU.ActiveCfg = Debug|Any CPU
		{196EB99E-CE66-46A6-8BDF-A3E195603199}.Debug|Any CPU.Build.0 = Debug|Any CPU
		{196EB99E-CE66-46A6-8BDF-A3E195603199}.Release|Any CPU.ActiveCfg = Release|Any CPU
		{196EB99E-CE66-46A6-8BDF-A3E195603199}.Release|Any CPU.Build.0 = Release|Any CPU
	EndGlobalSection
	GlobalSection(SolutionProperties) = preSolution
		HideSolutionNode = FALSE
	EndGlobalSection
	GlobalSection(ExtensibilityGlobals) = postSolution
		SolutionGuid = {2ECED22E-9FF7-4FCA-A5C8-87C1326E48B4}
	EndGlobalSection
EndGlobal
